// !$*UTF8*$!
{
	archiveVersion = 1;
	classes = {
	};
	objectVersion = 50;
	objects = {

/* Begin PBXBuildFile section */
		E847F36621A1568E00C62F48 /* AppDelegate.swift in Sources */ = {isa = PBXBuildFile; fileRef = E847F36521A1568E00C62F48 /* AppDelegate.swift */; };
		E847F36821A1568E00C62F48 /* ViewController.swift in Sources */ = {isa = PBXBuildFile; fileRef = E847F36721A1568E00C62F48 /* ViewController.swift */; };
		E847F36B21A1568E00C62F48 /* Main.storyboard in Resources */ = {isa = PBXBuildFile; fileRef = E847F36921A1568E00C62F48 /* Main.storyboard */; };
		E847F36D21A1568E00C62F48 /* Assets.xcassets in Resources */ = {isa = PBXBuildFile; fileRef = E847F36C21A1568E00C62F48 /* Assets.xcassets */; };
		E847F37021A1568E00C62F48 /* LaunchScreen.storyboard in Resources */ = {isa = PBXBuildFile; fileRef = E847F36E21A1568E00C62F48 /* LaunchScreen.storyboard */; };
		E847F37A21A1577E00C62F48 /* GoogLeNetPlaces.mlmodel in Sources */ = {isa = PBXBuildFile; fileRef = E847F37921A1577E00C62F48 /* GoogLeNetPlaces.mlmodel */; };
		E85970F421AD86B50073F2CC /* UIImage+Utils.m in Sources */ = {isa = PBXBuildFile; fileRef = E85970F321AD86B50073F2CC /* UIImage+Utils.m */; };
/* End PBXBuildFile section */

/* Begin PBXFileReference section */
		E847F36221A1568E00C62F48 /* SceneDetector.app */ = {isa = PBXFileReference; explicitFileType = wrapper.application; includeInIndex = 0; path = SceneDetector.app; sourceTree = BUILT_PRODUCTS_DIR; };
		E847F36521A1568E00C62F48 /* AppDelegate.swift */ = {isa = PBXFileReference; lastKnownFileType = sourcecode.swift; path = AppDelegate.swift; sourceTree = "<group>"; };
		E847F36721A1568E00C62F48 /* ViewController.swift */ = {isa = PBXFileReference; lastKnownFileType = sourcecode.swift; path = ViewController.swift; sourceTree = "<group>"; };
		E847F36A21A1568E00C62F48 /* Base */ = {isa = PBXFileReference; lastKnownFileType = file.storyboard; name = Base; path = Base.lproj/Main.storyboard; sourceTree = "<group>"; };
		E847F36C21A1568E00C62F48 /* Assets.xcassets */ = {isa = PBXFileReference; lastKnownFileType = folder.assetcatalog; path = Assets.xcassets; sourceTree = "<group>"; };
		E847F36F21A1568E00C62F48 /* Base */ = {isa = PBXFileReference; lastKnownFileType = file.storyboard; name = Base; path = Base.lproj/LaunchScreen.storyboard; sourceTree = "<group>"; };
		E847F37121A1568E00C62F48 /* Info.plist */ = {isa = PBXFileReference; lastKnownFileType = text.plist.xml; path = Info.plist; sourceTree = "<group>"; };
		E847F37921A1577E00C62F48 /* GoogLeNetPlaces.mlmodel */ = {isa = PBXFileReference; lastKnownFileType = file.mlmodel; name = GoogLeNetPlaces.mlmodel; path = ../../../../../Downloads/SceneDetector_Final/SceneDetector/Resources/GoogLeNetPlaces.mlmodel; sourceTree = "<group>"; };
		E85970F121AD86B40073F2CC /* SceneDetector-Bridging-Header.h */ = {isa = PBXFileReference; lastKnownFileType = sourcecode.c.h; path = "SceneDetector-Bridging-Header.h"; sourceTree = "<group>"; };
		E85970F221AD86B50073F2CC /* UIImage+Utils.h */ = {isa = PBXFileReference; lastKnownFileType = sourcecode.c.h; path = "UIImage+Utils.h"; sourceTree = "<group>"; };
		E85970F321AD86B50073F2CC /* UIImage+Utils.m */ = {isa = PBXFileReference; lastKnownFileType = sourcecode.c.objc; path = "UIImage+Utils.m"; sourceTree = "<group>"; };
/* End PBXFileReference section */

/* Begin PBXFrameworksBuildPhase section */
		E847F35F21A1568E00C62F48 /* Frameworks */ = {
			isa = PBXFrameworksBuildPhase;
			buildActionMask = 2147483647;
			files = (
			);
			runOnlyForDeploymentPostprocessing = 0;
		};
/* End PBXFrameworksBuildPhase section */

/* Begin PBXGroup section */
		E847F35921A1568E00C62F48 = {
			isa = PBXGroup;
			children = (
				E847F36421A1568E00C62F48 /* SceneDetector */,
				E847F36321A1568E00C62F48 /* Products */,
			);
			sourceTree = "<group>";
		};
		E847F36321A1568E00C62F48 /* Products */ = {
			isa = PBXGroup;
			children = (
				E847F36221A1568E00C62F48 /* SceneDetector.app */,
			);
			name = Products;
			sourceTree = "<group>";
		};
		E847F36421A1568E00C62F48 /* SceneDetector */ = {
			isa = PBXGroup;
			children = (
				E85970F021AD86740073F2CC /* Util */,
				E847F37821A1576700C62F48 /* MLModel */,
				E847F37721A156A200C62F48 /* Resource */,
				E847F36521A1568E00C62F48 /* AppDelegate.swift */,
				E847F36721A1568E00C62F48 /* ViewController.swift */,
			);
			path = SceneDetector;
			sourceTree = "<group>";
		};
		E847F37721A156A200C62F48 /* Resource */ = {
			isa = PBXGroup;
			children = (
				E847F36C21A1568E00C62F48 /* Assets.xcassets */,
				E847F37121A1568E00C62F48 /* Info.plist */,
				E847F36E21A1568E00C62F48 /* LaunchScreen.storyboard */,
				E847F36921A1568E00C62F48 /* Main.storyboard */,
			);
			path = Resource;
			sourceTree = "<group>";
		};
		E847F37821A1576700C62F48 /* MLModel */ = {
			isa = PBXGroup;
			children = (
				E847F37921A1577E00C62F48 /* GoogLeNetPlaces.mlmodel */,
			);
			path = MLModel;
			sourceTree = "<group>";
		};
		E85970F021AD86740073F2CC /* Util */ = {
			isa = PBXGroup;
			children = (
				E85970F221AD86B50073F2CC /* UIImage+Utils.h */,
				E85970F321AD86B50073F2CC /* UIImage+Utils.m */,
				E85970F121AD86B40073F2CC /* SceneDetector-Bridging-Header.h */,
			);
			path = Util;
			sourceTree = "<group>";
		};
/* End PBXGroup section */

/* Begin PBXNativeTarget section */
		E847F36121A1568E00C62F48 /* SceneDetector */ = {
			isa = PBXNativeTarget;
			buildConfigurationList = E847F37421A1568E00C62F48 /* Build configuration list for PBXNativeTarget "SceneDetector" */;
			buildPhases = (
				E847F35E21A1568E00C62F48 /* Sources */,
				E847F35F21A1568E00C62F48 /* Frameworks */,
				E847F36021A1568E00C62F48 /* Resources */,
			);
			buildRules = (
			);
			dependencies = (
			);
			name = SceneDetector;
			productName = SceneDetector;
			productReference = E847F36221A1568E00C62F48 /* SceneDetector.app */;
			productType = "com.apple.product-type.application";
		};
/* End PBXNativeTarget section */

/* Begin PBXProject section */
		E847F35A21A1568E00C62F48 /* Project object */ = {
			isa = PBXProject;
			attributes = {
				LastSwiftUpdateCheck = 1010;
				LastUpgradeCheck = 1010;
				ORGANIZATIONNAME = Silence;
				TargetAttributes = {
					E847F36121A1568E00C62F48 = {
						CreatedOnToolsVersion = 10.1;
						LastSwiftMigration = 1010;
					};
				};
			};
			buildConfigurationList = E847F35D21A1568E00C62F48 /* Build configuration list for PBXProject "SceneDetector" */;
			compatibilityVersion = "Xcode 9.3";
			developmentRegion = en;
			hasScannedForEncodings = 0;
			knownRegions = (
				en,
				Base,
			);
			mainGroup = E847F35921A1568E00C62F48;
			productRefGroup = E847F36321A1568E00C62F48 /* Products */;
			projectDirPath = "";
			projectRoot = "";
			targets = (
				E847F36121A1568E00C62F48 /* SceneDetector */,
			);
		};
/* End PBXProject section */

/* Begin PBXResourcesBuildPhase section */
		E847F36021A1568E00C62F48 /* Resources */ = {
			isa = PBXResourcesBuildPhase;
			buildActionMask = 2147483647;
			files = (
				E847F37021A1568E00C62F48 /* LaunchScreen.storyboard in Resources */,
				E847F36D21A1568E00C62F48 /* Assets.xcassets in Resources */,
				E847F36B21A1568E00C62F48 /* Main.storyboard in Resources */,
			);
			runOnlyForDeploymentPostprocessing = 0;
		};
/* End PBXResourcesBuildPhase section */

/* Begin PBXSourcesBuildPhase section */
		E847F35E21A1568E00C62F48 /* Sources */ = {
			isa = PBXSourcesBuildPhase;
			buildActionMask = 2147483647;
			files = (
				E847F36821A1568E00C62F48 /* ViewController.swift in Sources */,
				E847F36621A1568E00C62F48 /* AppDelegate.swift in Sources */,
				E847F37A21A1577E00C62F48 /* GoogLeNetPlaces.mlmodel in Sources */,
				E85970F421AD86B50073F2CC /* UIImage+Utils.m in Sources */,
			);
			runOnlyForDeploymentPostprocessing = 0;
		};
/* End PBXSourcesBuildPhase section */

/* Begin PBXVariantGroup section */
		E847F36921A1568E00C62F48 /* Main.storyboard */ = {
			isa = PBXVariantGroup;
			children = (
				E847F36A21A1568E00C62F48 /* Base */,
			);
			name = Main.storyboard;
			sourceTree = "<group>";
		};
		E847F36E21A1568E00C62F48 /* LaunchScreen.storyboard */ = {
			isa = PBXVariantGroup;
			children = (
				E847F36F21A1568E00C62F48 /* Base */,
			);
			name = LaunchScreen.storyboard;
			sourceTree = "<group>";
		};
/* End PBXVariantGroup section */

/* Begin XCBuildConfiguration section */
		E847F37221A1568E00C62F48 /* Debug */ = {
			isa = XCBuildConfiguration;
			buildSettings = {
				ALWAYS_SEARCH_USER_PATHS = NO;
				CLANG_ANALYZER_NONNULL = YES;
				CLANG_ANALYZER_NUMBER_OBJECT_CONVERSION = YES_AGGRESSIVE;
				CLANG_CXX_LANGUAGE_STANDARD = "gnu++14";
				CLANG_CXX_LIBRARY = "libc++";
				CLANG_ENABLE_MODULES = YES;
				CLANG_ENABLE_OBJC_ARC = YES;
				CLANG_ENABLE_OBJC_WEAK = YES;
				CLANG_WARN_BLOCK_CAPTURE_AUTORELEASING = YES;
				CLANG_WARN_BOOL_CONVERSION = YES;
				CLANG_WARN_COMMA = YES;
				CLANG_WARN_CONSTANT_CONVERSION = YES;
				CLANG_WARN_DEPRECATED_OBJC_IMPLEMENTATIONS = YES;
				CLANG_WARN_DIRECT_OBJC_ISA_USAGE = YES_ERROR;
				CLANG_WARN_DOCUMENTATION_COMMENTS = YES;
				CLANG_WARN_EMPTY_BODY = YES;
				CLANG_WARN_ENUM_CONVERSION = YES;
				CLANG_WARN_INFINITE_RECURSION = YES;
				CLANG_WARN_INT_CONVERSION = YES;
				CLANG_WARN_NON_LITERAL_NULL_CONVERSION = YES;
				CLANG_WARN_OBJC_IMPLICIT_RETAIN_SELF = YES;
				CLANG_WARN_OBJC_LITERAL_CONVERSION = YES;
				CLANG_WARN_OBJC_ROOT_CLASS = YES_ERROR;
				CLANG_WARN_RANGE_LOOP_ANALYSIS = YES;
				CLANG_WARN_STRICT_PROTOTYPES = YES;
				CLANG_WARN_SUSPICIOUS_MOVE = YES;
				CLANG_WARN_UNGUARDED_AVAILABILITY = YES_AGGRESSIVE;
				CLANG_WARN_UNREACHABLE_CODE = YES;
				CLANG_WARN__DUPLICATE_METHOD_MATCH = YES;
				CODE_SIGN_IDENTITY = "iPhone Developer";
				COPY_PHASE_STRIP = NO;
				DEBUG_INFORMATION_FORMAT = dwarf;
				ENABLE_STRICT_OBJC_MSGSEND = YES;
				ENABLE_TESTABILITY = YES;
				GCC_C_LANGUAGE_STANDARD = gnu11;
				GCC_DYNAMIC_NO_PIC = NO;
				GCC_NO_COMMON_BLOCKS = YES;
				GCC_OPTIMIZATION_LEVEL = 0;
				GCC_PREPROCESSOR_DEFINITIONS = (
					"DEBUG=1",
					"$(inherited)",
				);
				GCC_WARN_64_TO_32_BIT_CONVERSION = YES;
				GCC_WARN_ABOUT_RETURN_TYPE = YES_ERROR;
				GCC_WARN_UNDECLARED_SELECTOR = YES;
				GCC_WARN_UNINITIALIZED_AUTOS = YES_AGGRESSIVE;
				GCC_WARN_UNUSED_FUNCTION = YES;
				GCC_WARN_UNUSED_VARIABLE = YES;
				IPHONEOS_DEPLOYMENT_TARGET = 12.1;
				MTL_ENABLE_DEBUG_INFO = INCLUDE_SOURCE;
				MTL_FAST_MATH = YES;
				ONLY_ACTIVE_ARCH = YES;
				SDKROOT = iphoneos;
				SWIFT_ACTIVE_COMPILATION_CONDITIONS = DEBUG;
				SWIFT_OPTIMIZATION_LEVEL = "-Onone";
			};
			name = Debug;
		};
		E847F37321A1568E00C62F48 /* Release */ = {
			isa = XCBuildConfiguration;
			buildSettings = {
				ALWAYS_SEARCH_USER_PATHS = NO;
				CLANG_ANALYZER_NONNULL = YES;
				CLANG_ANALYZER_NUMBER_OBJECT_CONVERSION = YES_AGGRESSIVE;
				CLANG_CXX_LANGUAGE_STANDARD = "gnu++14";
				CLANG_CXX_LIBRARY = "libc++";
				CLANG_ENABLE_MODULES = YES;
				CLANG_ENABLE_OBJC_ARC = YES;
				CLANG_ENABLE_OBJC_WEAK = YES;
				CLANG_WARN_BLOCK_CAPTURE_AUTORELEASING = YES;
				CLANG_WARN_BOOL_CONVERSION = YES;
				CLANG_WARN_COMMA = YES;
				CLANG_WARN_CONSTANT_CONVERSION = YES;
				CLANG_WARN_DEPRECATED_OBJC_IMPLEMENTATIONS = YES;
				CLANG_WARN_DIRECT_OBJC_ISA_USAGE = YES_ERROR;
				CLANG_WARN_DOCUMENTATION_COMMENTS = YES;
				CLANG_WARN_EMPTY_BODY = YES;
				CLANG_WARN_ENUM_CONVERSION = YES;
				CLANG_WARN_INFINITE_RECURSION = YES;
				CLANG_WARN_INT_CONVERSION = YES;
				CLANG_WARN_NON_LITERAL_NULL_CONVERSION = YES;
				CLANG_WARN_OBJC_IMPLICIT_RETAIN_SELF = YES;
				CLANG_WARN_OBJC_LITERAL_CONVERSION = YES;
				CLANG_WARN_OBJC_ROOT_CLASS = YES_ERROR;
				CLANG_WARN_RANGE_LOOP_ANALYSIS = YES;
				CLANG_WARN_STRICT_PROTOTYPES = YES;
				CLANG_WARN_SUSPICIOUS_MOVE = YES;
				CLANG_WARN_UNGUARDED_AVAILABILITY = YES_AGGRESSIVE;
				CLANG_WARN_UNREACHABLE_CODE = YES;
				CLANG_WARN__DUPLICATE_METHOD_MATCH = YES;
				CODE_SIGN_IDENTITY = "iPhone Developer";
				COPY_PHASE_STRIP = NO;
				DEBUG_INFORMATION_FORMAT = "dwarf-with-dsym";
				ENABLE_NS_ASSERTIONS = NO;
				ENABLE_STRICT_OBJC_MSGSEND = YES;
				GCC_C_LANGUAGE_STANDARD = gnu11;
				GCC_NO_COMMON_BLOCKS = YES;
				GCC_WARN_64_TO_32_BIT_CONVERSION = YES;
				GCC_WARN_ABOUT_RETURN_TYPE = YES_ERROR;
				GCC_WARN_UNDECLARED_SELECTOR = YES;
				GCC_WARN_UNINITIALIZED_AUTOS = YES_AGGRESSIVE;
				GCC_WARN_UNUSED_FUNCTION = YES;
				GCC_WARN_UNUSED_VARIABLE = YES;
				IPHONEOS_DEPLOYMENT_TARGET = 12.1;
				MTL_ENABLE_DEBUG_INFO = NO;
				MTL_FAST_MATH = YES;
				SDKROOT = iphoneos;
				SWIFT_COMPILATION_MODE = wholemodule;
				SWIFT_OPTIMIZATION_LEVEL = "-O";
				VALIDATE_PRODUCT = YES;
			};
			name = Release;
		};
		E847F37521A1568E00C62F48 /* Debug */ = {
			isa = XCBuildConfiguration;
			buildSettings = {
				ASSETCATALOG_COMPILER_APPICON_NAME = AppIcon;
				CLANG_ENABLE_MODULES = YES;
				CODE_SIGN_STYLE = Automatic;
				INFOPLIST_FILE = SceneDetector/Resource/Info.plist;
				LD_RUNPATH_SEARCH_PATHS = (
					"$(inherited)",
					"@executable_path/Frameworks",
				);
				PRODUCT_BUNDLE_IDENTIFIER = com.silence.SceneDetector;
				PRODUCT_NAME = "$(TARGET_NAME)";
				SWIFT_OBJC_BRIDGING_HEADER = "SceneDetector/Util/SceneDetector-Bridging-Header.h";
				SWIFT_OPTIMIZATION_LEVEL = "-Onone";
				SWIFT_VERSION = 4.2;
				TARGETED_DEVICE_FAMILY = "1,2";
			};
			name = Debug;
		};
		E847F37621A1568E00C62F48 /* Release */ = {
			isa = XCBuildConfiguration;
			buildSettings = {
				ASSETCATALOG_COMPILER_APPICON_NAME = AppIcon;
				CLANG_ENABLE_MODULES = YES;
				CODE_SIGN_STYLE = Automatic;
				INFOPLIST_FILE = SceneDetector/Resource/Info.plist;
				LD_RUNPATH_SEARCH_PATHS = (
					"$(inherited)",
					"@executable_path/Frameworks",
				);
				PRODUCT_BUNDLE_IDENTIFIER = com.silence.SceneDetector;
				PRODUCT_NAME = "$(TARGET_NAME)";
				SWIFT_OBJC_BRIDGING_HEADER = "SceneDetector/Util/SceneDetector-Bridging-Header.h";
				SWIFT_VERSION = 4.2;
				TARGETED_DEVICE_FAMILY = "1,2";
			};
			name = Release;
		};
/* End XCBuildConfiguration section */

/* Begin XCConfigurationList section */
		E847F35D21A1568E00C62F48 /* Build configuration list for PBXProject "SceneDetector" */ = {
			isa = XCConfigurationList;
			buildConfigurations = (
				E847F37221A1568E00C62F48 /* Debug */,
				E847F37321A1568E00C62F48 /* Release */,
			);
			defaultConfigurationIsVisible = 0;
			defaultConfigurationName = Release;
		};
		E847F37421A1568E00C62F48 /* Build configuration list for PBXNativeTarget "SceneDetector" */ = {
			isa = XCConfigurationList;
			buildConfigurations = (
				E847F37521A1568E00C62F48 /* Debug */,
				E847F37621A1568E00C62F48 /* Release */,
			);
			defaultConfigurationIsVisible = 0;
			defaultConfigurationName = Release;
		};
/* End XCConfigurationList section */
	};
	rootObject = E847F35A21A1568E00C62F48 /* Project object */;
}
